// !$*UTF8*$!
{
	archiveVersion = 1;
	classes = {
	};
	objectVersion = 46;
	objects = {

/* Begin PBXBuildFile section */
		A3F45F551DF1D7A2007ED140 /* AppDelegate.swift in Sources */ = {isa = PBXBuildFile; fileRef = A3F45F541DF1D7A2007ED140 /* AppDelegate.swift */; };
		A3F45F571DF1D7A2007ED140 /* ViewController.swift in Sources */ = {isa = PBXBuildFile; fileRef = A3F45F561DF1D7A2007ED140 /* ViewController.swift */; };
		A3F45F5A1DF1D7A2007ED140 /* Main.storyboard in Resources */ = {isa = PBXBuildFile; fileRef = A3F45F581DF1D7A2007ED140 /* Main.storyboard */; };
		A3F45F5C1DF1D7A2007ED140 /* Assets.xcassets in Resources */ = {isa = PBXBuildFile; fileRef = A3F45F5B1DF1D7A2007ED140 /* Assets.xcassets */; };
		A3F45F5F1DF1D7A2007ED140 /* LaunchScreen.storyboard in Resources */ = {isa = PBXBuildFile; fileRef = A3F45F5D1DF1D7A2007ED140 /* LaunchScreen.storyboard */; };
		A3F45F671DF1DCE8007ED140 /* KHL_logo_shield.svg.png in Resources */ = {isa = PBXBuildFile; fileRef = A3F45F661DF1DCE8007ED140 /* KHL_logo_shield.svg.png */; };
/* End PBXBuildFile section */

/* Begin PBXFileReference section */
		A3F45F511DF1D7A2007ED140 /* KHL Scoreboard.app */ = {isa = PBXFileReference; explicitFileType = wrapper.application; includeInIndex = 0; path = "KHL Scoreboard.app"; sourceTree = BUILT_PRODUCTS_DIR; };
		A3F45F541DF1D7A2007ED140 /* AppDelegate.swift */ = {isa = PBXFileReference; lastKnownFileType = sourcecode.swift; path = AppDelegate.swift; sourceTree = "<group>"; };
		A3F45F561DF1D7A2007ED140 /* ViewController.swift */ = {isa = PBXFileReference; lastKnownFileType = sourcecode.swift; path = ViewController.swift; sourceTree = "<group>"; };
		A3F45F591DF1D7A2007ED140 /* Base */ = {isa = PBXFileReference; lastKnownFileType = file.storyboard; name = Base; path = Base.lproj/Main.storyboard; sourceTree = "<group>"; };
		A3F45F5B1DF1D7A2007ED140 /* Assets.xcassets */ = {isa = PBXFileReference; lastKnownFileType = folder.assetcatalog; path = Assets.xcassets; sourceTree = "<group>"; };
		A3F45F5E1DF1D7A2007ED140 /* Base */ = {isa = PBXFileReference; lastKnownFileType = file.storyboard; name = Base; path = Base.lproj/LaunchScreen.storyboard; sourceTree = "<group>"; };
		A3F45F601DF1D7A2007ED140 /* Info.plist */ = {isa = PBXFileReference; lastKnownFileType = text.plist.xml; path = Info.plist; sourceTree = "<group>"; };
		A3F45F661DF1DCE8007ED140 /* KHL_logo_shield.svg.png */ = {isa = PBXFileReference; lastKnownFileType = image.png; path = KHL_logo_shield.svg.png; sourceTree = "<group>"; };
/* End PBXFileReference section */

/* Begin PBXFrameworksBuildPhase section */
		A3F45F4E1DF1D7A2007ED140 /* Frameworks */ = {
			isa = PBXFrameworksBuildPhase;
			buildActionMask = 2147483647;
			files = (
			);
			runOnlyForDeploymentPostprocessing = 0;
		};
/* End PBXFrameworksBuildPhase section */

/* Begin PBXGroup section */
		A3F45F481DF1D7A2007ED140 = {
			isa = PBXGroup;
			children = (
				A3F45F531DF1D7A2007ED140 /* KHL Scoreboard */,
				A3F45F521DF1D7A2007ED140 /* Products */,
			);
			sourceTree = "<group>";
		};
		A3F45F521DF1D7A2007ED140 /* Products */ = {
			isa = PBXGroup;
			children = (
				A3F45F511DF1D7A2007ED140 /* KHL Scoreboard.app */,
			);
			name = Products;
			sourceTree = "<group>";
		};
		A3F45F531DF1D7A2007ED140 /* KHL Scoreboard */ = {
			isa = PBXGroup;
			children = (
				A3F45F541DF1D7A2007ED140 /* AppDelegate.swift */,
				A3F45F561DF1D7A2007ED140 /* ViewController.swift */,
				A3F45F581DF1D7A2007ED140 /* Main.storyboard */,
				A3F45F661DF1DCE8007ED140 /* KHL_logo_shield.svg.png */,
				A3F45F5B1DF1D7A2007ED140 /* Assets.xcassets */,
				A3F45F5D1DF1D7A2007ED140 /* LaunchScreen.storyboard */,
				A3F45F601DF1D7A2007ED140 /* Info.plist */,
			);
			path = "KHL Scoreboard";
			sourceTree = "<group>";
		};
/* End PBXGroup section */

/* Begin PBXNativeTarget section */
		A3F45F501DF1D7A2007ED140 /* KHL Scoreboard */ = {
			isa = PBXNativeTarget;
			buildConfigurationList = A3F45F631DF1D7A2007ED140 /* Build configuration list for PBXNativeTarget "KHL Scoreboard" */;
			buildPhases = (
				A3F45F4D1DF1D7A2007ED140 /* Sources */,
				A3F45F4E1DF1D7A2007ED140 /* Frameworks */,
				A3F45F4F1DF1D7A2007ED140 /* Resources */,
			);
			buildRules = (
			);
			dependencies = (
			);
			name = "KHL Scoreboard";
			productName = "KHL Scoreboard";
			productReference = A3F45F511DF1D7A2007ED140 /* KHL Scoreboard.app */;
			productType = "com.apple.product-type.application";
		};
/* End PBXNativeTarget section */

/* Begin PBXProject section */
		A3F45F491DF1D7A2007ED140 /* Project object */ = {
			isa = PBXProject;
			attributes = {
				LastSwiftUpdateCheck = 0810;
				LastUpgradeCheck = 0820;
				ORGANIZATIONNAME = "Peanut Apps";
				TargetAttributes = {
					A3F45F501DF1D7A2007ED140 = {
						CreatedOnToolsVersion = 8.1;
						ProvisioningStyle = Automatic;
					};
				};
			};
			buildConfigurationList = A3F45F4C1DF1D7A2007ED140 /* Build configuration list for PBXProject "KHL Scoreboard" */;
			compatibilityVersion = "Xcode 3.2";
			developmentRegion = English;
			hasScannedForEncodings = 0;
			knownRegions = (
				en,
				Base,
			);
			mainGroup = A3F45F481DF1D7A2007ED140;
			productRefGroup = A3F45F521DF1D7A2007ED140 /* Products */;
			projectDirPath = "";
			projectRoot = "";
			targets = (
				A3F45F501DF1D7A2007ED140 /* KHL Scoreboard */,
			);
		};
/* End PBXProject section */

/* Begin PBXResourcesBuildPhase section */
		A3F45F4F1DF1D7A2007ED140 /* Resources */ = {
			isa = PBXResourcesBuildPhase;
			buildActionMask = 2147483647;
			files = (
				A3F45F5F1DF1D7A2007ED140 /* LaunchScreen.storyboard in Resources */,
				A3F45F5C1DF1D7A2007ED140 /* Assets.xcassets in Resources */,
				A3F45F5A1DF1D7A2007ED140 /* Main.storyboard in Resources */,
				A3F45F671DF1DCE8007ED140 /* KHL_logo_shield.svg.png in Resources */,
			);
			runOnlyForDeploymentPostprocessing = 0;
		};
/* End PBXResourcesBuildPhase section */

/* Begin PBXSourcesBuildPhase section */
		A3F45F4D1DF1D7A2007ED140 /* Sources */ = {
			isa = PBXSourcesBuildPhase;
			buildActionMask = 2147483647;
			files = (
				A3F45F571DF1D7A2007ED140 /* ViewController.swift in Sources */,
				A3F45F551DF1D7A2007ED140 /* AppDelegate.swift in Sources */,
			);
			runOnlyForDeploymentPostprocessing = 0;
		};
/* End PBXSourcesBuildPhase section */

/* Begin PBXVariantGroup section */
		A3F45F581DF1D7A2007ED140 /* Main.storyboard */ = {
			isa = PBXVariantGroup;
			children = (
				A3F45F591DF1D7A2007ED140 /* Base */,
			);
			name = Main.storyboard;
			sourceTree = "<group>";
		};
		A3F45F5D1DF1D7A2007ED140 /* LaunchScreen.storyboard */ = {
			isa = PBXVariantGroup;
			children = (
				A3F45F5E1DF1D7A2007ED140 /* Base */,
			);
			name = LaunchScreen.storyboard;
			sourceTree = "<group>";
		};
/* End PBXVariantGroup section */

/* Begin XCBuildConfiguration section */
		A3F45F611DF1D7A2007ED140 /* Debug */ = {
			isa = XCBuildConfiguration;
			buildSettings = {
				ALWAYS_SEARCH_USER_PATHS = NO;
				CLANG_ANALYZER_NONNULL = YES;
				CLANG_CXX_LANGUAGE_STANDARD = "gnu++0x";
				CLANG_CXX_LIBRARY = "libc++";
				CLANG_ENABLE_MODULES = YES;
				CLANG_ENABLE_OBJC_ARC = YES;
				CLANG_WARN_BOOL_CONVERSION = YES;
				CLANG_WARN_CONSTANT_CONVERSION = YES;
				CLANG_WARN_DIRECT_OBJC_ISA_USAGE = YES_ERROR;
				CLANG_WARN_DOCUMENTATION_COMMENTS = YES;
				CLANG_WARN_EMPTY_BODY = YES;
				CLANG_WARN_ENUM_CONVERSION = YES;
				CLANG_WARN_INFINITE_RECURSION = YES;
				CLANG_WARN_INT_CONVERSION = YES;
				CLANG_WARN_OBJC_ROOT_CLASS = YES_ERROR;
				CLANG_WARN_SUSPICIOUS_MOVE = YES;
				CLANG_WARN_SUSPICIOUS_MOVES = YES;
				CLANG_WARN_UNREACHABLE_CODE = YES;
				CLANG_WARN__DUPLICATE_METHOD_MATCH = YES;
				"CODE_SIGN_IDENTITY[sdk=iphoneos*]" = "iPhone Developer";
				COPY_PHASE_STRIP = NO;
				DEBUG_INFORMATION_FORMAT = dwarf;
				ENABLE_STRICT_OBJC_MSGSEND = YES;
				ENABLE_TESTABILITY = YES;
				GCC_C_LANGUAGE_STANDARD = gnu99;
				GCC_DYNAMIC_NO_PIC = NO;
				GCC_NO_COMMON_BLOCKS = YES;
				GCC_OPTIMIZATION_LEVEL = 0;
				GCC_PREPROCESSOR_DEFINITIONS = (
					"DEBUG=1",
					"$(inherited)",
				);
				GCC_WARN_64_TO_32_BIT_CONVERSION = YES;
				GCC_WARN_ABOUT_RETURN_TYPE = YES_ERROR;
				GCC_WARN_UNDECLARED_SELECTOR = YES;
				GCC_WARN_UNINITIALIZED_AUTOS = YES_AGGRESSIVE;
				GCC_WARN_UNUSED_FUNCTION = YES;
				GCC_WARN_UNUSED_VARIABLE = YES;
				IPHONEOS_DEPLOYMENT_TARGET = 10.1;
				MTL_ENABLE_DEBUG_INFO = YES;
				ONLY_ACTIVE_ARCH = YES;
				SDKROOT = iphoneos;
				SWIFT_ACTIVE_COMPILATION_CONDITIONS = DEBUG;
				SWIFT_OPTIMIZATION_LEVEL = "-Onone";
				TARGETED_DEVICE_FAMILY = "1,2";
			};
			name = Debug;
		};
		A3F45F621DF1D7A2007ED140 /* Release */ = {
			isa = XCBuildConfiguration;
			buildSettings = {
				ALWAYS_SEARCH_USER_PATHS = NO;
				CLANG_ANALYZER_NONNULL = YES;
				CLANG_CXX_LANGUAGE_STANDARD = "gnu++0x";
				CLANG_CXX_LIBRARY = "libc++";
				CLANG_ENABLE_MODULES = YES;
				CLANG_ENABLE_OBJC_ARC = YES;
				CLANG_WARN_BOOL_CONVERSION = YES;
				CLANG_WARN_CONSTANT_CONVERSION = YES;
				CLANG_WARN_DIRECT_OBJC_ISA_USAGE = YES_ERROR;
				CLANG_WARN_DOCUMENTATION_COMMENTS = YES;
				CLANG_WARN_EMPTY_BODY = YES;
				CLANG_WARN_ENUM_CONVERSION = YES;
				CLANG_WARN_INFINITE_RECURSION = YES;
				CLANG_WARN_INT_CONVERSION = YES;
				CLANG_WARN_OBJC_ROOT_CLASS = YES_ERROR;
				CLANG_WARN_SUSPICIOUS_MOVE = YES;
				CLANG_WARN_SUSPICIOUS_MOVES = YES;
				CLANG_WARN_UNREACHABLE_CODE = YES;
				CLANG_WARN__DUPLICATE_METHOD_MATCH = YES;
				"CODE_SIGN_IDENTITY[sdk=iphoneos*]" = "iPhone Developer";
				COPY_PHASE_STRIP = NO;
				DEBUG_INFORMATION_FORMAT = "dwarf-with-dsym";
				ENABLE_NS_ASSERTIONS = NO;
				ENABLE_STRICT_OBJC_MSGSEND = YES;
				GCC_C_LANGUAGE_STANDARD = gnu99;
				GCC_NO_COMMON_BLOCKS = YES;
				GCC_WARN_64_TO_32_BIT_CONVERSION = YES;
				GCC_WARN_ABOUT_RETURN_TYPE = YES_ERROR;
				GCC_WARN_UNDECLARED_SELECTOR = YES;
				GCC_WARN_UNINITIALIZED_AUTOS = YES_AGGRESSIVE;
				GCC_WARN_UNUSED_FUNCTION = YES;
				GCC_WARN_UNUSED_VARIABLE = YES;
				IPHONEOS_DEPLOYMENT_TARGET = 10.1;
				MTL_ENABLE_DEBUG_INFO = NO;
				SDKROOT = iphoneos;
				SWIFT_OPTIMIZATION_LEVEL = "-Owholemodule";
				TARGETED_DEVICE_FAMILY = "1,2";
				VALIDATE_PRODUCT = YES;
			};
			name = Release;
		};
		A3F45F641DF1D7A2007ED140 /* Debug */ = {
			isa = XCBuildConfiguration;
			buildSettings = {
				ASSETCATALOG_COMPILER_APPICON_NAME = AppIcon;
				INFOPLIST_FILE = "KHL Scoreboard/Info.plist";
				LD_RUNPATH_SEARCH_PATHS = "$(inherited) @executable_path/Frameworks";
				PRODUCT_BUNDLE_IDENTIFIER = "com.peanutapps.KHL-Scoreboard";
				PRODUCT_NAME = "$(TARGET_NAME)";
				SWIFT_VERSION = 3.0;
			};
			name = Debug;
		};
		A3F45F651DF1D7A2007ED140 /* Release */ = {
			isa = XCBuildConfiguration;
			buildSettings = {
				ASSETCATALOG_COMPILER_APPICON_NAME = AppIcon;
				INFOPLIST_FILE = "KHL Scoreboard/Info.plist";
				LD_RUNPATH_SEARCH_PATHS = "$(inherited) @executable_path/Frameworks";
				PRODUCT_BUNDLE_IDENTIFIER = "com.peanutapps.KHL-Scoreboard";
				PRODUCT_NAME = "$(TARGET_NAME)";
				SWIFT_VERSION = 3.0;
			};
			name = Release;
		};
/* End XCBuildConfiguration section */

/* Begin XCConfigurationList section */
		A3F45F4C1DF1D7A2007ED140 /* Build configuration list for PBXProject "KHL Scoreboard" */ = {
			isa = XCConfigurationList;
			buildConfigurations = (
				A3F45F611DF1D7A2007ED140 /* Debug */,
				A3F45F621DF1D7A2007ED140 /* Release */,
			);
			defaultConfigurationIsVisible = 0;
			defaultConfigurationName = Release;
		};
		A3F45F631DF1D7A2007ED140 /* Build configuration list for PBXNativeTarget "KHL Scoreboard" */ = {
			isa = XCConfigurationList;
			buildConfigurations = (
				A3F45F641DF1D7A2007ED140 /* Debug */,
				A3F45F651DF1D7A2007ED140 /* Release */,
			);
			defaultConfigurationIsVisible = 0;
			defaultConfigurationName = Release;
		};
/* End XCConfigurationList section */
	};
	rootObject = A3F45F491DF1D7A2007ED140 /* Project object */;
}
